
Microsoft Visual Studio Solution File, Format Version 12.00
# Visual Studio Version 17
VisualStudioVersion = 17.11.35219.272
MinimumVisualStudioVersion = 10.0.40219.1
Project("{FAE04EC0-301F-11D3-BF4B-00C04F79EFBC}") = "eCommerce.SharedLibrary", "eCommerce.SharedLibrary\eCommerce.SharedLibrary.csproj", "{F8918E61-27D2-4731-A1BA-D10613F82CB5}"
EndProject
Global
	GlobalSection(SolutionConfigurationPlatforms) = preSolution
		Debug|Any CPU = Debug|Any CPU
		Release|Any CPU = Release|Any CPU
	EndGlobalSection
	GlobalSection(ProjectConfigurationPlatforms) = postSolution
		{F8918E61-27D2-4731-A1BA-D10613F82CB5}.Debug|Any CPU.ActiveCfg = Debug|Any CPU
		{F8918E61-27D2-4731-A1BA-D10613F82CB5}.Debug|Any CPU.Build.0 = Debug|Any CPU
		{F8918E61-27D2-4731-A1BA-D10613F82CB5}.Release|Any CPU.ActiveCfg = Release|Any CPU
		{F8918E61-27D2-4731-A1BA-D10613F82CB5}.Release|Any CPU.Build.0 = Release|Any CPU
	EndGlobalSection
	GlobalSection(SolutionProperties) = preSolution
		HideSolutionNode = FALSE
	EndGlobalSection
	GlobalSection(ExtensibilityGlobals) = postSolution
		SolutionGuid = {4D26251E-A4D3-43DA-978C-AE3F55B01DD0}
	EndGlobalSection
EndGlobal
